
Microsoft Visual Studio Solution File, Format Version 12.00
# Visual Studio Version 16
VisualStudioVersion = 16.0.30611.23
MinimumVisualStudioVersion = 10.0.40219.1
Project("{FAE04EC0-301F-11D3-BF4B-00C04F79EFBC}") = "Museo", "Museo\Museo.csproj", "{83490E50-519D-4093-A7B7-62EC5410ED2D}"
EndProject
Global
	GlobalSection(SolutionConfigurationPlatforms) = preSolution
		Debug|Any CPU = Debug|Any CPU
		Release|Any CPU = Release|Any CPU
	EndGlobalSection
	GlobalSection(ProjectConfigurationPlatforms) = postSolution
		{83490E50-519D-4093-A7B7-62EC5410ED2D}.Debug|Any CPU.ActiveCfg = Debug|Any CPU
		{83490E50-519D-4093-A7B7-62EC5410ED2D}.Debug|Any CPU.Build.0 = Debug|Any CPU
		{83490E50-519D-4093-A7B7-62EC5410ED2D}.Release|Any CPU.ActiveCfg = Release|Any CPU
		{83490E50-519D-4093-A7B7-62EC5410ED2D}.Release|Any CPU.Build.0 = Release|Any CPU
	EndGlobalSection
	GlobalSection(SolutionProperties) = preSolution
		HideSolutionNode = FALSE
	EndGlobalSection
	GlobalSection(ExtensibilityGlobals) = postSolution
		SolutionGuid = {4130492A-BC9D-409F-B34E-EEF37C6C0201}
	EndGlobalSection
EndGlobal
